
Microsoft Visual Studio Solution File, Format Version 9.00
# Visual Studio 2005
# SharpDevelop 4.1.0.8000
Project("{FAE04EC0-301F-11D3-BF4B-00C04F79EFBC}") = "ShowHideButton", "ShowHideButton\ShowHideButton.csproj", "{02996BA6-CC1B-4D64-BBB3-4929316F13A8}"
EndProject
Global
	GlobalSection(SolutionConfigurationPlatforms) = preSolution
		Debug|x86 = Debug|x86
		Release|x86 = Release|x86
	EndGlobalSection
	GlobalSection(ProjectConfigurationPlatforms) = postSolution
		{02996BA6-CC1B-4D64-BBB3-4929316F13A8}.Debug|x86.Build.0 = Debug|x86
		{02996BA6-CC1B-4D64-BBB3-4929316F13A8}.Debug|x86.ActiveCfg = Debug|x86
		{02996BA6-CC1B-4D64-BBB3-4929316F13A8}.Release|x86.Build.0 = Release|x86
		{02996BA6-CC1B-4D64-BBB3-4929316F13A8}.Release|x86.ActiveCfg = Release|x86
	EndGlobalSection
EndGlobal
